
Microsoft Visual Studio Solution File, Format Version 12.00
# Visual Studio Version 16
VisualStudioVersion = 16.0.31205.134
MinimumVisualStudioVersion = 10.0.40219.1
Project("{FAE04EC0-301F-11D3-BF4B-00C04F79EFBC}") = "ToyStore", "ToyStore.csproj", "{33DAD3D4-8499-41E0-8B14-D88CB5253414}"
EndProject
Global
	GlobalSection(SolutionConfigurationPlatforms) = preSolution
		Debug|Any CPU = Debug|Any CPU
		Release|Any CPU = Release|Any CPU
	EndGlobalSection
	GlobalSection(ProjectConfigurationPlatforms) = postSolution
		{33DAD3D4-8499-41E0-8B14-D88CB5253414}.Debug|Any CPU.ActiveCfg = Debug|Any CPU
		{33DAD3D4-8499-41E0-8B14-D88CB5253414}.Debug|Any CPU.Build.0 = Debug|Any CPU
		{33DAD3D4-8499-41E0-8B14-D88CB5253414}.Release|Any CPU.ActiveCfg = Release|Any CPU
		{33DAD3D4-8499-41E0-8B14-D88CB5253414}.Release|Any CPU.Build.0 = Release|Any CPU
	EndGlobalSection
	GlobalSection(SolutionProperties) = preSolution
		HideSolutionNode = FALSE
	EndGlobalSection
	GlobalSection(ExtensibilityGlobals) = postSolution
		SolutionGuid = {1AD5D69D-B4C6-4FEA-95B9-0277E22E71D7}
	EndGlobalSection
EndGlobal
